
Microsoft Visual Studio Solution File, Format Version 12.00
# Visual Studio 14
VisualStudioVersion = 14.0.25420.1
MinimumVisualStudioVersion = 10.0.40219.1
Project("{FAE04EC0-301F-11D3-BF4B-00C04F79EFBC}") = "WeatherApp.Droid", "WeatherApp\WeatherApp.Droid\WeatherApp.Droid.csproj", "{58637E32-10E9-4E2F-9FE1-EB0ACA059D27}"
EndProject
Project("{FAE04EC0-301F-11D3-BF4B-00C04F79EFBC}") = "WeatherApp.iOS", "WeatherApp\WeatherApp.iOS\WeatherApp.iOS.csproj", "{BB9D342D-58F7-49F2-89CA-F2474762DB80}"
EndProject
Project("{FAE04EC0-301F-11D3-BF4B-00C04F79EFBC}") = "WeatherApp.WinPhone", "WeatherApp\WeatherApp.WinPhone\WeatherApp.WinPhone.csproj", "{70B70159-157B-48C2-967B-C85F98D9439D}"
EndProject
Project("{FAE04EC0-301F-11D3-BF4B-00C04F79EFBC}") = "WeatherApp", "WeatherApp\WeatherApp\WeatherApp.csproj", "{0230E20E-ABEB-415D-959F-D3F4F31435A8}"
EndProject
Global
	GlobalSection(SolutionConfigurationPlatforms) = preSolution
		Debug|Any CPU = Debug|Any CPU
		Debug|ARM = Debug|ARM
		Debug|iPhone = Debug|iPhone
		Debug|iPhoneSimulator = Debug|iPhoneSimulator
		Debug|x86 = Debug|x86
		Release|Any CPU = Release|Any CPU
		Release|ARM = Release|ARM
		Release|iPhone = Release|iPhone
		Release|iPhoneSimulator = Release|iPhoneSimulator
		Release|x86 = Release|x86
	EndGlobalSection
	GlobalSection(ProjectConfigurationPlatforms) = postSolution
		{58637E32-10E9-4E2F-9FE1-EB0ACA059D27}.Debug|Any CPU.ActiveCfg = Debug|Any CPU
		{58637E32-10E9-4E2F-9FE1-EB0ACA059D27}.Debug|Any CPU.Build.0 = Debug|Any CPU
		{58637E32-10E9-4E2F-9FE1-EB0ACA059D27}.Debug|Any CPU.Deploy.0 = Debug|Any CPU
		{58637E32-10E9-4E2F-9FE1-EB0ACA059D27}.Debug|ARM.ActiveCfg = Debug|Any CPU
		{58637E32-10E9-4E2F-9FE1-EB0ACA059D27}.Debug|ARM.Build.0 = Debug|Any CPU
		{58637E32-10E9-4E2F-9FE1-EB0ACA059D27}.Debug|ARM.Deploy.0 = Debug|Any CPU
		{58637E32-10E9-4E2F-9FE1-EB0ACA059D27}.Debug|iPhone.ActiveCfg = Debug|Any CPU
		{58637E32-10E9-4E2F-9FE1-EB0ACA059D27}.Debug|iPhone.Build.0 = Debug|Any CPU
		{58637E32-10E9-4E2F-9FE1-EB0ACA059D27}.Debug|iPhone.Deploy.0 = Debug|Any CPU
		{58637E32-10E9-4E2F-9FE1-EB0ACA059D27}.Debug|iPhoneSimulator.ActiveCfg = Debug|Any CPU
		{58637E32-10E9-4E2F-9FE1-EB0ACA059D27}.Debug|iPhoneSimulator.Build.0 = Debug|Any CPU
		{58637E32-10E9-4E2F-9FE1-EB0ACA059D27}.Debug|iPhoneSimulator.Deploy.0 = Debug|Any CPU
		{58637E32-10E9-4E2F-9FE1-EB0ACA059D27}.Debug|x86.ActiveCfg = Debug|Any CPU
		{58637E32-10E9-4E2F-9FE1-EB0ACA059D27}.Debug|x86.Build.0 = Debug|Any CPU
		{58637E32-10E9-4E2F-9FE1-EB0ACA059D27}.Debug|x86.Deploy.0 = Debug|Any CPU
		{58637E32-10E9-4E2F-9FE1-EB0ACA059D27}.Release|Any CPU.ActiveCfg = Release|Any CPU
		{58637E32-10E9-4E2F-9FE1-EB0ACA059D27}.Release|Any CPU.Build.0 = Release|Any CPU
		{58637E32-10E9-4E2F-9FE1-EB0ACA059D27}.Release|Any CPU.Deploy.0 = Release|Any CPU
		{58637E32-10E9-4E2F-9FE1-EB0ACA059D27}.Release|ARM.ActiveCfg = Release|Any CPU
		{58637E32-10E9-4E2F-9FE1-EB0ACA059D27}.Release|ARM.Build.0 = Release|Any CPU
		{58637E32-10E9-4E2F-9FE1-EB0ACA059D27}.Release|ARM.Deploy.0 = Release|Any CPU
		{58637E32-10E9-4E2F-9FE1-EB0ACA059D27}.Release|iPhone.ActiveCfg = Release|Any CPU
		{58637E32-10E9-4E2F-9FE1-EB0ACA059D27}.Release|iPhone.Build.0 = Release|Any CPU
		{58637E32-10E9-4E2F-9FE1-EB0ACA059D27}.Release|iPhone.Deploy.0 = Release|Any CPU
		{58637E32-10E9-4E2F-9FE1-EB0ACA059D27}.Release|iPhoneSimulator.ActiveCfg = Release|Any CPU
		{58637E32-10E9-4E2F-9FE1-EB0ACA059D27}.Release|iPhoneSimulator.Build.0 = Release|Any CPU
		{58637E32-10E9-4E2F-9FE1-EB0ACA059D27}.Release|iPhoneSimulator.Deploy.0 = Release|Any CPU
		{58637E32-10E9-4E2F-9FE1-EB0ACA059D27}.Release|x86.ActiveCfg = Release|Any CPU
		{58637E32-10E9-4E2F-9FE1-EB0ACA059D27}.Release|x86.Build.0 = Release|Any CPU
		{58637E32-10E9-4E2F-9FE1-EB0ACA059D27}.Release|x86.Deploy.0 = Release|Any CPU
		{BB9D342D-58F7-49F2-89CA-F2474762DB80}.Debug|Any CPU.ActiveCfg = Debug|iPhone
		{BB9D342D-58F7-49F2-89CA-F2474762DB80}.Debug|ARM.ActiveCfg = Debug|iPhone
		{BB9D342D-58F7-49F2-89CA-F2474762DB80}.Debug|iPhone.ActiveCfg = Debug|iPhone
		{BB9D342D-58F7-49F2-89CA-F2474762DB80}.Debug|iPhone.Build.0 = Debug|iPhone
		{BB9D342D-58F7-49F2-89CA-F2474762DB80}.Debug|iPhoneSimulator.ActiveCfg = Debug|iPhoneSimulator
		{BB9D342D-58F7-49F2-89CA-F2474762DB80}.Debug|iPhoneSimulator.Build.0 = Debug|iPhoneSimulator
		{BB9D342D-58F7-49F2-89CA-F2474762DB80}.Debug|x86.ActiveCfg = Debug|iPhone
		{BB9D342D-58F7-49F2-89CA-F2474762DB80}.Release|Any CPU.ActiveCfg = Release|iPhone
		{BB9D342D-58F7-49F2-89CA-F2474762DB80}.Release|ARM.ActiveCfg = Release|iPhone
		{BB9D342D-58F7-49F2-89CA-F2474762DB80}.Release|iPhone.ActiveCfg = Release|iPhone
		{BB9D342D-58F7-49F2-89CA-F2474762DB80}.Release|iPhone.Build.0 = Release|iPhone
		{BB9D342D-58F7-49F2-89CA-F2474762DB80}.Release|iPhoneSimulator.ActiveCfg = Release|iPhoneSimulator
		{BB9D342D-58F7-49F2-89CA-F2474762DB80}.Release|iPhoneSimulator.Build.0 = Release|iPhoneSimulator
		{BB9D342D-58F7-49F2-89CA-F2474762DB80}.Release|x86.ActiveCfg = Release|iPhone
		{70B70159-157B-48C2-967B-C85F98D9439D}.Debug|Any CPU.ActiveCfg = Debug|Any CPU
		{70B70159-157B-48C2-967B-C85F98D9439D}.Debug|Any CPU.Build.0 = Debug|Any CPU
		{70B70159-157B-48C2-967B-C85F98D9439D}.Debug|Any CPU.Deploy.0 = Debug|Any CPU
		{70B70159-157B-48C2-967B-C85F98D9439D}.Debug|ARM.ActiveCfg = Debug|ARM
		{70B70159-157B-48C2-967B-C85F98D9439D}.Debug|ARM.Build.0 = Debug|ARM
		{70B70159-157B-48C2-967B-C85F98D9439D}.Debug|ARM.Deploy.0 = Debug|ARM
		{70B70159-157B-48C2-967B-C85F98D9439D}.Debug|iPhone.ActiveCfg = Debug|Any CPU
		{70B70159-157B-48C2-967B-C85F98D9439D}.Debug|iPhone.Build.0 = Debug|Any CPU
		{70B70159-157B-48C2-967B-C85F98D9439D}.Debug|iPhone.Deploy.0 = Debug|Any CPU
		{70B70159-157B-48C2-967B-C85F98D9439D}.Debug|iPhoneSimulator.ActiveCfg = Debug|Any CPU
		{70B70159-157B-48C2-967B-C85F98D9439D}.Debug|iPhoneSimulator.Build.0 = Debug|Any CPU
		{70B70159-157B-48C2-967B-C85F98D9439D}.Debug|iPhoneSimulator.Deploy.0 = Debug|Any CPU
		{70B70159-157B-48C2-967B-C85F98D9439D}.Debug|x86.ActiveCfg = Debug|x86
		{70B70159-157B-48C2-967B-C85F98D9439D}.Debug|x86.Build.0 = Debug|x86
		{70B70159-157B-48C2-967B-C85F98D9439D}.Debug|x86.Deploy.0 = Debug|x86
		{70B70159-157B-48C2-967B-C85F98D9439D}.Release|Any CPU.ActiveCfg = Release|Any CPU
		{70B70159-157B-48C2-967B-C85F98D9439D}.Release|Any CPU.Build.0 = Release|Any CPU
		{70B70159-157B-48C2-967B-C85F98D9439D}.Release|Any CPU.Deploy.0 = Release|Any CPU
		{70B70159-157B-48C2-967B-C85F98D9439D}.Release|ARM.ActiveCfg = Release|ARM
		{70B70159-157B-48C2-967B-C85F98D9439D}.Release|ARM.Build.0 = Release|ARM
		{70B70159-157B-48C2-967B-C85F98D9439D}.Release|ARM.Deploy.0 = Release|ARM
		{70B70159-157B-48C2-967B-C85F98D9439D}.Release|iPhone.ActiveCfg = Release|Any CPU
		{70B70159-157B-48C2-967B-C85F98D9439D}.Release|iPhone.Build.0 = Release|Any CPU
		{70B70159-157B-48C2-967B-C85F98D9439D}.Release|iPhone.Deploy.0 = Release|Any CPU
		{70B70159-157B-48C2-967B-C85F98D9439D}.Release|iPhoneSimulator.ActiveCfg = Release|Any CPU
		{70B70159-157B-48C2-967B-C85F98D9439D}.Release|iPhoneSimulator.Build.0 = Release|Any CPU
		{70B70159-157B-48C2-967B-C85F98D9439D}.Release|iPhoneSimulator.Deploy.0 = Release|Any CPU
		{70B70159-157B-48C2-967B-C85F98D9439D}.Release|x86.ActiveCfg = Release|x86
		{70B70159-157B-48C2-967B-C85F98D9439D}.Release|x86.Build.0 = Release|x86
		{70B70159-157B-48C2-967B-C85F98D9439D}.Release|x86.Deploy.0 = Release|x86
		{0230E20E-ABEB-415D-959F-D3F4F31435A8}.Debug|Any CPU.ActiveCfg = Debug|Any CPU
		{0230E20E-ABEB-415D-959F-D3F4F31435A8}.Debug|Any CPU.Build.0 = Debug|Any CPU
		{0230E20E-ABEB-415D-959F-D3F4F31435A8}.Debug|ARM.ActiveCfg = Debug|Any CPU
		{0230E20E-ABEB-415D-959F-D3F4F31435A8}.Debug|ARM.Build.0 = Debug|Any CPU
		{0230E20E-ABEB-415D-959F-D3F4F31435A8}.Debug|iPhone.ActiveCfg = Debug|Any CPU
		{0230E20E-ABEB-415D-959F-D3F4F31435A8}.Debug|iPhone.Build.0 = Debug|Any CPU
		{0230E20E-ABEB-415D-959F-D3F4F31435A8}.Debug|iPhoneSimulator.ActiveCfg = Debug|Any CPU
		{0230E20E-ABEB-415D-959F-D3F4F31435A8}.Debug|iPhoneSimulator.Build.0 = Debug|Any CPU
		{0230E20E-ABEB-415D-959F-D3F4F31435A8}.Debug|x86.ActiveCfg = Debug|Any CPU
		{0230E20E-ABEB-415D-959F-D3F4F31435A8}.Debug|x86.Build.0 = Debug|Any CPU
		{0230E20E-ABEB-415D-959F-D3F4F31435A8}.Release|Any CPU.ActiveCfg = Release|Any CPU
		{0230E20E-ABEB-415D-959F-D3F4F31435A8}.Release|Any CPU.Build.0 = Release|Any CPU
		{0230E20E-ABEB-415D-959F-D3F4F31435A8}.Release|ARM.ActiveCfg = Release|Any CPU
		{0230E20E-ABEB-415D-959F-D3F4F31435A8}.Release|ARM.Build.0 = Release|Any CPU
		{0230E20E-ABEB-415D-959F-D3F4F31435A8}.Release|iPhone.ActiveCfg = Release|Any CPU
		{0230E20E-ABEB-415D-959F-D3F4F31435A8}.Release|iPhone.Build.0 = Release|Any CPU
		{0230E20E-ABEB-415D-959F-D3F4F31435A8}.Release|iPhoneSimulator.ActiveCfg = Release|Any CPU
		{0230E20E-ABEB-415D-959F-D3F4F31435A8}.Release|iPhoneSimulator.Build.0 = Release|Any CPU
		{0230E20E-ABEB-415D-959F-D3F4F31435A8}.Release|x86.ActiveCfg = Release|Any CPU
		{0230E20E-ABEB-415D-959F-D3F4F31435A8}.Release|x86.Build.0 = Release|Any CPU
	EndGlobalSection
	GlobalSection(SolutionProperties) = preSolution
		HideSolutionNode = FALSE
	EndGlobalSection
EndGlobal
